
Microsoft Visual Studio Solution File, Format Version 12.00
# Visual Studio Version 17
VisualStudioVersion = 17.8.34525.116
MinimumVisualStudioVersion = 10.0.40219.1
Project("{FAE04EC0-301F-11D3-BF4B-00C04F79EFBC}") = "API-Navarro", "API-Navarro\API-Navarro.csproj", "{1AB83147-3D8E-4E80-AAF6-2E23C06580CF}"
EndProject
Global
	GlobalSection(SolutionConfigurationPlatforms) = preSolution
		Debug|Any CPU = Debug|Any CPU
		Release|Any CPU = Release|Any CPU
	EndGlobalSection
	GlobalSection(ProjectConfigurationPlatforms) = postSolution
		{1AB83147-3D8E-4E80-AAF6-2E23C06580CF}.Debug|Any CPU.ActiveCfg = Debug|Any CPU
		{1AB83147-3D8E-4E80-AAF6-2E23C06580CF}.Debug|Any CPU.Build.0 = Debug|Any CPU
		{1AB83147-3D8E-4E80-AAF6-2E23C06580CF}.Release|Any CPU.ActiveCfg = Release|Any CPU
		{1AB83147-3D8E-4E80-AAF6-2E23C06580CF}.Release|Any CPU.Build.0 = Release|Any CPU
	EndGlobalSection
	GlobalSection(SolutionProperties) = preSolution
		HideSolutionNode = FALSE
	EndGlobalSection
	GlobalSection(ExtensibilityGlobals) = postSolution
		SolutionGuid = {44B28F9A-B213-4228-B18C-930ECBECCA9F}
	EndGlobalSection
EndGlobal
